universe:
  {epic: US500, group: index, corr: equity}
  {epic: US100, group: index, corr: equity}
  {epic: US30, group: index, corr: equity}
  {epic: DE40, group: index, corr: equity}
  {epic: UK100, group: index, corr: equity}
  {epic: FR40, group: index, corr: equity}
  {epic: EU50, group: index, corr: equity}
  {epic: JP225, group: index, corr: equity}
  {epic: GOLD, group: metal, corr: metal}
  {epic: SILVER, group: metal, corr: metal}
  {epic: COPPER, group: metal, corr: metal}
  {epic: PLATINUM, group: metal, corr: metal}
  {epic: PALLADIUM, group: metal, corr: metal}
  {epic: OIL_CRUDE, group: energy, corr: energy}
  {epic: OIL_BRENT, group: energy, corr: energy}
  {epic: NATURALGAS, group: energy, corr: energy}
  {epic: WHEAT, group: ag, corr: ag}
  {epic: CORN, group: ag, corr: ag}
  {epic: SOYBEAN, group: ag, corr: ag}
  {epic: COFFEE, group: ag, corr: ag}
  {epic: SUGAR, group: ag, corr: ag}
  {epic: COCOA, group: ag, corr: ag}
  {epic: COTTON, group: ag, corr: ag}
  {epic: AAPL, group: stock, corr: equity}
  {epic: MSFT, group: stock, corr: equity}
  {epic: NVDA, group: stock, corr: equity}
  {epic: AMZN, group: stock, corr: equity}
  {epic: TSLA, group: stock, corr: equity}
  {epic: META, group: stock, corr: equity}
  {epic: J225, group: index, corr: equity}
  {epic: HK50, group: index, corr: equity_asia}
  {epic: AUS200, group: index, corr: equity}
  {epic: CHINA50, group: index, corr: equity_asia}
  {epic: SINGAPORE, group: index, corr: equity}
